{
  "name": "@lordierclaw/bluenote",
  "version": "0.0.0",
  "lockfileVersion": 3,
  "requires": true,
  "packages": {
    "": {
      "name": "@lordierclaw/bluenote",
      "version": "0.0.0",
      "license": "MIT",
      "dependencies": {
        "@lordierclaw/bluenote-core": "git+https://github.com/LordierClaw/bluenote-core.git#a04c397e4ca64e7df4dc709b05164fdce538572b"
      },
      "bin": {
        "bluenote": "dist/bin.js",
        "bn": "dist/bin.js"
      },
      "devDependencies": {
        "@types/node": "16.18.126",
        "typescript": "5.8.3"
      },
      "engines": {
        "node": ">=16.14 <17 || >=18"
      }
    },
    "node_modules/@lordierclaw/bluenote-core": {
      "version": "0.1.0",
      "resolved": "git+ssh://git@github.com/LordierClaw/bluenote-core.git#a04c397e4ca64e7df4dc709b05164fdce538572b",
      "integrity": "sha512-0BYFPYaBvNv1EVsMFma8zwldd/5O8+8v6El1/ishaN8vJcTgrT7pULjlVINQ+1NP6yN/M8TegcVDvHEUJbIifA==",
      "license": "Apache-2.0",
      "dependencies": {
        "js-yaml": "4.1.1",
        "minisearch": "6.3.0",
        "node-fetch": "2.7.0",
        "sql.js": "1.10.3"
      },
      "engines": {
        "node": ">=16.14 <17 || >=18"
      }
    },
    "node_modules/@types/node": {
      "version": "16.18.126",
      "dev": true,
      "license": "MIT"
    },
    "node_modules/argparse": {
      "version": "2.0.1",
      "license": "Python-2.0"
    },
    "node_modules/js-yaml": {
      "version": "4.1.1",
      "license": "MIT",
      "dependencies": {
        "argparse": "^2.0.1"
      },
      "bin": {
        "js-yaml": "bin/js-yaml.js"
      }
    },
    "node_modules/minisearch": {
      "version": "6.3.0",
      "license": "MIT"
    },
    "node_modules/node-fetch": {
      "version": "2.7.0",
      "license": "MIT",
      "dependencies": {
        "whatwg-url": "^5.0.0"
      },
      "engines": {
        "node": "4.x || >=6.0.0"
      },
      "peerDependencies": {
        "encoding": "^0.1.0"
      },
      "peerDependenciesMeta": {
        "encoding": {
          "optional": true
        }
      }
    },
    "node_modules/sql.js": {
      "version": "1.10.3",
      "license": "MIT"
    },
    "node_modules/tr46": {
      "version": "0.0.3",
      "license": "MIT"
    },
    "node_modules/typescript": {
      "version": "5.8.3",
      "dev": true,
      "license": "Apache-2.0",
      "bin": {
        "tsc": "bin/tsc",
        "tsserver": "bin/tsserver"
      },
      "engines": {
        "node": ">=14.17"
      }
    },
    "node_modules/webidl-conversions": {
      "version": "3.0.1",
      "license": "BSD-2-Clause"
    },
    "node_modules/whatwg-url": {
      "version": "5.0.0",
      "license": "MIT",
      "dependencies": {
        "tr46": "~0.0.3",
        "webidl-conversions": "^3.0.0"
      }
    }
  }
}
